
Microsoft Visual Studio Solution File, Format Version 12.00
# Visual Studio Version 17
VisualStudioVersion = 17.4.33213.308
MinimumVisualStudioVersion = 10.0.40219.1
Project("{FAE04EC0-301F-11D3-BF4B-00C04F79EFBC}") = "PF_EXERCISE_4", "PF_EXERCISE_4\PF_EXERCISE_4.csproj", "{16086257-5555-4614-ABBE-26FBB4E765BF}"
EndProject
Global
	GlobalSection(SolutionConfigurationPlatforms) = preSolution
		Debug|Any CPU = Debug|Any CPU
		Release|Any CPU = Release|Any CPU
	EndGlobalSection
	GlobalSection(ProjectConfigurationPlatforms) = postSolution
		{16086257-5555-4614-ABBE-26FBB4E765BF}.Debug|Any CPU.ActiveCfg = Debug|Any CPU
		{16086257-5555-4614-ABBE-26FBB4E765BF}.Debug|Any CPU.Build.0 = Debug|Any CPU
		{16086257-5555-4614-ABBE-26FBB4E765BF}.Release|Any CPU.ActiveCfg = Release|Any CPU
		{16086257-5555-4614-ABBE-26FBB4E765BF}.Release|Any CPU.Build.0 = Release|Any CPU
	EndGlobalSection
	GlobalSection(SolutionProperties) = preSolution
		HideSolutionNode = FALSE
	EndGlobalSection
	GlobalSection(ExtensibilityGlobals) = postSolution
		SolutionGuid = {87F876E3-CAF8-47B9-BCD7-D3C4281A1579}
	EndGlobalSection
EndGlobal
